// !$*UTF8*$!
{
	archiveVersion = 1;
	classes = {
	};
	objectVersion = 56;
	objects = {

/* Begin PBXBuildFile section */
		3746147329391A1500CD4BF3 /* AppDelegate.swift in Sources */ = {isa = PBXBuildFile; fileRef = 3746147229391A1500CD4BF3 /* AppDelegate.swift */; };
		3746147529391A1500CD4BF3 /* SceneDelegate.swift in Sources */ = {isa = PBXBuildFile; fileRef = 3746147429391A1500CD4BF3 /* SceneDelegate.swift */; };
		3746147729391A1500CD4BF3 /* MainWeatherVC.swift in Sources */ = {isa = PBXBuildFile; fileRef = 3746147629391A1500CD4BF3 /* MainWeatherVC.swift */; };
		3746147A29391A1500CD4BF3 /* Main.storyboard in Resources */ = {isa = PBXBuildFile; fileRef = 3746147829391A1500CD4BF3 /* Main.storyboard */; };
		3746147D29391A1500CD4BF3 /* ForeCast.xcdatamodeld in Sources */ = {isa = PBXBuildFile; fileRef = 3746147B29391A1500CD4BF3 /* ForeCast.xcdatamodeld */; };
		3746147F29391A1600CD4BF3 /* Assets.xcassets in Resources */ = {isa = PBXBuildFile; fileRef = 3746147E29391A1600CD4BF3 /* Assets.xcassets */; };
		3746148229391A1600CD4BF3 /* LaunchScreen.storyboard in Resources */ = {isa = PBXBuildFile; fileRef = 3746148029391A1600CD4BF3 /* LaunchScreen.storyboard */; };
		3746148C29391E6A00CD4BF3 /* AppCoordinator.swift in Sources */ = {isa = PBXBuildFile; fileRef = 3746148B29391E6A00CD4BF3 /* AppCoordinator.swift */; };
		3746148E29391F1300CD4BF3 /* WeatherModel.swift in Sources */ = {isa = PBXBuildFile; fileRef = 3746148D29391F1300CD4BF3 /* WeatherModel.swift */; };
		374614912939208200CD4BF3 /* CoreDataManager.swift in Sources */ = {isa = PBXBuildFile; fileRef = 374614902939208200CD4BF3 /* CoreDataManager.swift */; };
		374614932939237600CD4BF3 /* OnboardingVC.swift in Sources */ = {isa = PBXBuildFile; fileRef = 374614922939237600CD4BF3 /* OnboardingVC.swift */; };
		374614962939B9EC00CD4BF3 /* CustomTextView.swift in Sources */ = {isa = PBXBuildFile; fileRef = 374614952939B9EC00CD4BF3 /* CustomTextView.swift */; };
		374614982939EC9600CD4BF3 /* CustomButton.swift in Sources */ = {isa = PBXBuildFile; fileRef = 374614972939EC9600CD4BF3 /* CustomButton.swift */; };
		3746149C2939F5AE00CD4BF3 /* Helper.swift in Sources */ = {isa = PBXBuildFile; fileRef = 3746149A2939F57700CD4BF3 /* Helper.swift */; };
		3746149E293A476E00CD4BF3 /* CustomTimeLabel.swift in Sources */ = {isa = PBXBuildFile; fileRef = 3746149D293A476E00CD4BF3 /* CustomTimeLabel.swift */; };
		374614A0293A487E00CD4BF3 /* MainBlueView.swift in Sources */ = {isa = PBXBuildFile; fileRef = 3746149F293A487E00CD4BF3 /* MainBlueView.swift */; };
		374614A3293A4B1400CD4BF3 /* TimeViewMainVC.swift in Sources */ = {isa = PBXBuildFile; fileRef = 374614A2293A4B1400CD4BF3 /* TimeViewMainVC.swift */; };
		374614A5293A633C00CD4BF3 /* WeatherDetailView.swift in Sources */ = {isa = PBXBuildFile; fileRef = 374614A4293A633C00CD4BF3 /* WeatherDetailView.swift */; };
		374614A7293CC9C700CD4BF3 /* ForecastTemp.swift in Sources */ = {isa = PBXBuildFile; fileRef = 374614A6293CC9C700CD4BF3 /* ForecastTemp.swift */; };
/* End PBXBuildFile section */

/* Begin PBXFileReference section */
		3746146F29391A1500CD4BF3 /* ForeCast.app */ = {isa = PBXFileReference; explicitFileType = wrapper.application; includeInIndex = 0; path = ForeCast.app; sourceTree = BUILT_PRODUCTS_DIR; };
		3746147229391A1500CD4BF3 /* AppDelegate.swift */ = {isa = PBXFileReference; lastKnownFileType = sourcecode.swift; path = AppDelegate.swift; sourceTree = "<group>"; };
		3746147429391A1500CD4BF3 /* SceneDelegate.swift */ = {isa = PBXFileReference; lastKnownFileType = sourcecode.swift; path = SceneDelegate.swift; sourceTree = "<group>"; };
		3746147629391A1500CD4BF3 /* MainWeatherVC.swift */ = {isa = PBXFileReference; lastKnownFileType = sourcecode.swift; path = MainWeatherVC.swift; sourceTree = "<group>"; };
		3746147929391A1500CD4BF3 /* Base */ = {isa = PBXFileReference; lastKnownFileType = file.storyboard; name = Base; path = Base.lproj/Main.storyboard; sourceTree = "<group>"; };
		3746147C29391A1500CD4BF3 /* ForeCast.xcdatamodel */ = {isa = PBXFileReference; lastKnownFileType = wrapper.xcdatamodel; path = ForeCast.xcdatamodel; sourceTree = "<group>"; };
		3746147E29391A1600CD4BF3 /* Assets.xcassets */ = {isa = PBXFileReference; lastKnownFileType = folder.assetcatalog; path = Assets.xcassets; sourceTree = "<group>"; };
		3746148129391A1600CD4BF3 /* Base */ = {isa = PBXFileReference; lastKnownFileType = file.storyboard; name = Base; path = Base.lproj/LaunchScreen.storyboard; sourceTree = "<group>"; };
		3746148329391A1600CD4BF3 /* Info.plist */ = {isa = PBXFileReference; lastKnownFileType = text.plist.xml; path = Info.plist; sourceTree = "<group>"; };
		3746148B29391E6A00CD4BF3 /* AppCoordinator.swift */ = {isa = PBXFileReference; lastKnownFileType = sourcecode.swift; path = AppCoordinator.swift; sourceTree = "<group>"; };
		3746148D29391F1300CD4BF3 /* WeatherModel.swift */ = {isa = PBXFileReference; lastKnownFileType = sourcecode.swift; path = WeatherModel.swift; sourceTree = "<group>"; };
		374614902939208200CD4BF3 /* CoreDataManager.swift */ = {isa = PBXFileReference; lastKnownFileType = sourcecode.swift; path = CoreDataManager.swift; sourceTree = "<group>"; };
		374614922939237600CD4BF3 /* OnboardingVC.swift */ = {isa = PBXFileReference; lastKnownFileType = sourcecode.swift; path = OnboardingVC.swift; sourceTree = "<group>"; };
		374614952939B9EC00CD4BF3 /* CustomTextView.swift */ = {isa = PBXFileReference; lastKnownFileType = sourcecode.swift; path = CustomTextView.swift; sourceTree = "<group>"; };
		374614972939EC9600CD4BF3 /* CustomButton.swift */ = {isa = PBXFileReference; lastKnownFileType = sourcecode.swift; path = CustomButton.swift; sourceTree = "<group>"; };
		3746149A2939F57700CD4BF3 /* Helper.swift */ = {isa = PBXFileReference; lastKnownFileType = sourcecode.swift; path = Helper.swift; sourceTree = "<group>"; };
		3746149D293A476E00CD4BF3 /* CustomTimeLabel.swift */ = {isa = PBXFileReference; lastKnownFileType = sourcecode.swift; path = CustomTimeLabel.swift; sourceTree = "<group>"; };
		3746149F293A487E00CD4BF3 /* MainBlueView.swift */ = {isa = PBXFileReference; lastKnownFileType = sourcecode.swift; path = MainBlueView.swift; sourceTree = "<group>"; };
		374614A2293A4B1400CD4BF3 /* TimeViewMainVC.swift */ = {isa = PBXFileReference; lastKnownFileType = sourcecode.swift; path = TimeViewMainVC.swift; sourceTree = "<group>"; };
		374614A4293A633C00CD4BF3 /* WeatherDetailView.swift */ = {isa = PBXFileReference; lastKnownFileType = sourcecode.swift; path = WeatherDetailView.swift; sourceTree = "<group>"; };
		374614A6293CC9C700CD4BF3 /* ForecastTemp.swift */ = {isa = PBXFileReference; lastKnownFileType = sourcecode.swift; path = ForecastTemp.swift; sourceTree = "<group>"; };
/* End PBXFileReference section */

/* Begin PBXFrameworksBuildPhase section */
		3746146C29391A1500CD4BF3 /* Frameworks */ = {
			isa = PBXFrameworksBuildPhase;
			buildActionMask = 2147483647;
			files = (
			);
			runOnlyForDeploymentPostprocessing = 0;
		};
/* End PBXFrameworksBuildPhase section */

/* Begin PBXGroup section */
		3746146629391A1500CD4BF3 = {
			isa = PBXGroup;
			children = (
				3746147129391A1500CD4BF3 /* ForeCast */,
				3746147029391A1500CD4BF3 /* Products */,
			);
			sourceTree = "<group>";
		};
		3746147029391A1500CD4BF3 /* Products */ = {
			isa = PBXGroup;
			children = (
				3746146F29391A1500CD4BF3 /* ForeCast.app */,
			);
			name = Products;
			sourceTree = "<group>";
		};
		3746147129391A1500CD4BF3 /* ForeCast */ = {
			isa = PBXGroup;
			children = (
				3746148A29391DB000CD4BF3 /* WeatherModule */,
				3746148929391D9E00CD4BF3 /* Coordinators */,
				3746148F2939206400CD4BF3 /* Managers */,
				374614942939B9CD00CD4BF3 /* UIElements */,
				3746147229391A1500CD4BF3 /* AppDelegate.swift */,
				3746147429391A1500CD4BF3 /* SceneDelegate.swift */,
				3746149A2939F57700CD4BF3 /* Helper.swift */,
				3746147829391A1500CD4BF3 /* Main.storyboard */,
				3746147E29391A1600CD4BF3 /* Assets.xcassets */,
				3746148029391A1600CD4BF3 /* LaunchScreen.storyboard */,
				3746148329391A1600CD4BF3 /* Info.plist */,
			);
			path = ForeCast;
			sourceTree = "<group>";
		};
		3746148929391D9E00CD4BF3 /* Coordinators */ = {
			isa = PBXGroup;
			children = (
				3746148B29391E6A00CD4BF3 /* AppCoordinator.swift */,
			);
			path = Coordinators;
			sourceTree = "<group>";
		};
		3746148A29391DB000CD4BF3 /* WeatherModule */ = {
			isa = PBXGroup;
			children = (
				3746147629391A1500CD4BF3 /* MainWeatherVC.swift */,
				374614922939237600CD4BF3 /* OnboardingVC.swift */,
				3746148D29391F1300CD4BF3 /* WeatherModel.swift */,
			);
			path = WeatherModule;
			sourceTree = "<group>";
		};
		3746148F2939206400CD4BF3 /* Managers */ = {
			isa = PBXGroup;
			children = (
				374614902939208200CD4BF3 /* CoreDataManager.swift */,
				3746147B29391A1500CD4BF3 /* ForeCast.xcdatamodeld */,
			);
			path = Managers;
			sourceTree = "<group>";
		};
		374614942939B9CD00CD4BF3 /* UIElements */ = {
			isa = PBXGroup;
			children = (
				374614A1293A4AF000CD4BF3 /* MainVC */,
				374614952939B9EC00CD4BF3 /* CustomTextView.swift */,
				374614972939EC9600CD4BF3 /* CustomButton.swift */,
				3746149D293A476E00CD4BF3 /* CustomTimeLabel.swift */,
			);
			path = UIElements;
			sourceTree = "<group>";
		};
		374614A1293A4AF000CD4BF3 /* MainVC */ = {
			isa = PBXGroup;
			children = (
				3746149F293A487E00CD4BF3 /* MainBlueView.swift */,
				374614A2293A4B1400CD4BF3 /* TimeViewMainVC.swift */,
				374614A4293A633C00CD4BF3 /* WeatherDetailView.swift */,
				374614A6293CC9C700CD4BF3 /* ForecastTemp.swift */,
			);
			path = MainVC;
			sourceTree = "<group>";
		};
/* End PBXGroup section */

/* Begin PBXNativeTarget section */
		3746146E29391A1500CD4BF3 /* ForeCast */ = {
			isa = PBXNativeTarget;
			buildConfigurationList = 3746148629391A1600CD4BF3 /* Build configuration list for PBXNativeTarget "ForeCast" */;
			buildPhases = (
				3746146B29391A1500CD4BF3 /* Sources */,
				3746146C29391A1500CD4BF3 /* Frameworks */,
				3746146D29391A1500CD4BF3 /* Resources */,
			);
			buildRules = (
			);
			dependencies = (
			);
			name = ForeCast;
			productName = ForeCast;
			productReference = 3746146F29391A1500CD4BF3 /* ForeCast.app */;
			productType = "com.apple.product-type.application";
		};
/* End PBXNativeTarget section */

/* Begin PBXProject section */
		3746146729391A1500CD4BF3 /* Project object */ = {
			isa = PBXProject;
			attributes = {
				BuildIndependentTargetsInParallel = 1;
				LastSwiftUpdateCheck = 1400;
				LastUpgradeCheck = 1400;
				TargetAttributes = {
					3746146E29391A1500CD4BF3 = {
						CreatedOnToolsVersion = 14.0.1;
					};
				};
			};
			buildConfigurationList = 3746146A29391A1500CD4BF3 /* Build configuration list for PBXProject "ForeCast" */;
			compatibilityVersion = "Xcode 14.0";
			developmentRegion = en;
			hasScannedForEncodings = 0;
			knownRegions = (
				en,
				Base,
			);
			mainGroup = 3746146629391A1500CD4BF3;
			productRefGroup = 3746147029391A1500CD4BF3 /* Products */;
			projectDirPath = "";
			projectRoot = "";
			targets = (
				3746146E29391A1500CD4BF3 /* ForeCast */,
			);
		};
/* End PBXProject section */

/* Begin PBXResourcesBuildPhase section */
		3746146D29391A1500CD4BF3 /* Resources */ = {
			isa = PBXResourcesBuildPhase;
			buildActionMask = 2147483647;
			files = (
				3746148229391A1600CD4BF3 /* LaunchScreen.storyboard in Resources */,
				3746147F29391A1600CD4BF3 /* Assets.xcassets in Resources */,
				3746147A29391A1500CD4BF3 /* Main.storyboard in Resources */,
			);
			runOnlyForDeploymentPostprocessing = 0;
		};
/* End PBXResourcesBuildPhase section */

/* Begin PBXSourcesBuildPhase section */
		3746146B29391A1500CD4BF3 /* Sources */ = {
			isa = PBXSourcesBuildPhase;
			buildActionMask = 2147483647;
			files = (
				3746149C2939F5AE00CD4BF3 /* Helper.swift in Sources */,
				374614A0293A487E00CD4BF3 /* MainBlueView.swift in Sources */,
				3746147D29391A1500CD4BF3 /* ForeCast.xcdatamodeld in Sources */,
				3746149E293A476E00CD4BF3 /* CustomTimeLabel.swift in Sources */,
				374614932939237600CD4BF3 /* OnboardingVC.swift in Sources */,
				3746147729391A1500CD4BF3 /* MainWeatherVC.swift in Sources */,
				3746148C29391E6A00CD4BF3 /* AppCoordinator.swift in Sources */,
				374614982939EC9600CD4BF3 /* CustomButton.swift in Sources */,
				3746147329391A1500CD4BF3 /* AppDelegate.swift in Sources */,
				3746148E29391F1300CD4BF3 /* WeatherModel.swift in Sources */,
				374614A7293CC9C700CD4BF3 /* ForecastTemp.swift in Sources */,
				374614962939B9EC00CD4BF3 /* CustomTextView.swift in Sources */,
				374614A3293A4B1400CD4BF3 /* TimeViewMainVC.swift in Sources */,
				374614A5293A633C00CD4BF3 /* WeatherDetailView.swift in Sources */,
				374614912939208200CD4BF3 /* CoreDataManager.swift in Sources */,
				3746147529391A1500CD4BF3 /* SceneDelegate.swift in Sources */,
			);
			runOnlyForDeploymentPostprocessing = 0;
		};
/* End PBXSourcesBuildPhase section */

/* Begin PBXVariantGroup section */
		3746147829391A1500CD4BF3 /* Main.storyboard */ = {
			isa = PBXVariantGroup;
			children = (
				3746147929391A1500CD4BF3 /* Base */,
			);
			name = Main.storyboard;
			sourceTree = "<group>";
		};
		3746148029391A1600CD4BF3 /* LaunchScreen.storyboard */ = {
			isa = PBXVariantGroup;
			children = (
				3746148129391A1600CD4BF3 /* Base */,
			);
			name = LaunchScreen.storyboard;
			sourceTree = "<group>";
		};
/* End PBXVariantGroup section */

/* Begin XCBuildConfiguration section */
		3746148429391A1600CD4BF3 /* Debug */ = {
			isa = XCBuildConfiguration;
			buildSettings = {
				ALWAYS_SEARCH_USER_PATHS = NO;
				CLANG_ANALYZER_NONNULL = YES;
				CLANG_ANALYZER_NUMBER_OBJECT_CONVERSION = YES_AGGRESSIVE;
				CLANG_CXX_LANGUAGE_STANDARD = "gnu++20";
				CLANG_ENABLE_MODULES = YES;
				CLANG_ENABLE_OBJC_ARC = YES;
				CLANG_ENABLE_OBJC_WEAK = YES;
				CLANG_WARN_BLOCK_CAPTURE_AUTORELEASING = YES;
				CLANG_WARN_BOOL_CONVERSION = YES;
				CLANG_WARN_COMMA = YES;
				CLANG_WARN_CONSTANT_CONVERSION = YES;
				CLANG_WARN_DEPRECATED_OBJC_IMPLEMENTATIONS = YES;
				CLANG_WARN_DIRECT_OBJC_ISA_USAGE = YES_ERROR;
				CLANG_WARN_DOCUMENTATION_COMMENTS = YES;
				CLANG_WARN_EMPTY_BODY = YES;
				CLANG_WARN_ENUM_CONVERSION = YES;
				CLANG_WARN_INFINITE_RECURSION = YES;
				CLANG_WARN_INT_CONVERSION = YES;
				CLANG_WARN_NON_LITERAL_NULL_CONVERSION = YES;
				CLANG_WARN_OBJC_IMPLICIT_RETAIN_SELF = YES;
				CLANG_WARN_OBJC_LITERAL_CONVERSION = YES;
				CLANG_WARN_OBJC_ROOT_CLASS = YES_ERROR;
				CLANG_WARN_QUOTED_INCLUDE_IN_FRAMEWORK_HEADER = YES;
				CLANG_WARN_RANGE_LOOP_ANALYSIS = YES;
				CLANG_WARN_STRICT_PROTOTYPES = YES;
				CLANG_WARN_SUSPICIOUS_MOVE = YES;
				CLANG_WARN_UNGUARDED_AVAILABILITY = YES_AGGRESSIVE;
				CLANG_WARN_UNREACHABLE_CODE = YES;
				CLANG_WARN__DUPLICATE_METHOD_MATCH = YES;
				COPY_PHASE_STRIP = NO;
				DEBUG_INFORMATION_FORMAT = dwarf;
				ENABLE_STRICT_OBJC_MSGSEND = YES;
				ENABLE_TESTABILITY = YES;
				GCC_C_LANGUAGE_STANDARD = gnu11;
				GCC_DYNAMIC_NO_PIC = NO;
				GCC_NO_COMMON_BLOCKS = YES;
				GCC_OPTIMIZATION_LEVEL = 0;
				GCC_PREPROCESSOR_DEFINITIONS = (
					"DEBUG=1",
					"$(inherited)",
				);
				GCC_WARN_64_TO_32_BIT_CONVERSION = YES;
				GCC_WARN_ABOUT_RETURN_TYPE = YES_ERROR;
				GCC_WARN_UNDECLARED_SELECTOR = YES;
				GCC_WARN_UNINITIALIZED_AUTOS = YES_AGGRESSIVE;
				GCC_WARN_UNUSED_FUNCTION = YES;
				GCC_WARN_UNUSED_VARIABLE = YES;
				IPHONEOS_DEPLOYMENT_TARGET = 16.0;
				MTL_ENABLE_DEBUG_INFO = INCLUDE_SOURCE;
				MTL_FAST_MATH = YES;
				ONLY_ACTIVE_ARCH = YES;
				SDKROOT = iphoneos;
				SWIFT_ACTIVE_COMPILATION_CONDITIONS = DEBUG;
				SWIFT_OPTIMIZATION_LEVEL = "-Onone";
			};
			name = Debug;
		};
		3746148529391A1600CD4BF3 /* Release */ = {
			isa = XCBuildConfiguration;
			buildSettings = {
				ALWAYS_SEARCH_USER_PATHS = NO;
				CLANG_ANALYZER_NONNULL = YES;
				CLANG_ANALYZER_NUMBER_OBJECT_CONVERSION = YES_AGGRESSIVE;
				CLANG_CXX_LANGUAGE_STANDARD = "gnu++20";
				CLANG_ENABLE_MODULES = YES;
				CLANG_ENABLE_OBJC_ARC = YES;
				CLANG_ENABLE_OBJC_WEAK = YES;
				CLANG_WARN_BLOCK_CAPTURE_AUTORELEASING = YES;
				CLANG_WARN_BOOL_CONVERSION = YES;
				CLANG_WARN_COMMA = YES;
				CLANG_WARN_CONSTANT_CONVERSION = YES;
				CLANG_WARN_DEPRECATED_OBJC_IMPLEMENTATIONS = YES;
				CLANG_WARN_DIRECT_OBJC_ISA_USAGE = YES_ERROR;
				CLANG_WARN_DOCUMENTATION_COMMENTS = YES;
				CLANG_WARN_EMPTY_BODY = YES;
				CLANG_WARN_ENUM_CONVERSION = YES;
				CLANG_WARN_INFINITE_RECURSION = YES;
				CLANG_WARN_INT_CONVERSION = YES;
				CLANG_WARN_NON_LITERAL_NULL_CONVERSION = YES;
				CLANG_WARN_OBJC_IMPLICIT_RETAIN_SELF = YES;
				CLANG_WARN_OBJC_LITERAL_CONVERSION = YES;
				CLANG_WARN_OBJC_ROOT_CLASS = YES_ERROR;
				CLANG_WARN_QUOTED_INCLUDE_IN_FRAMEWORK_HEADER = YES;
				CLANG_WARN_RANGE_LOOP_ANALYSIS = YES;
				CLANG_WARN_STRICT_PROTOTYPES = YES;
				CLANG_WARN_SUSPICIOUS_MOVE = YES;
				CLANG_WARN_UNGUARDED_AVAILABILITY = YES_AGGRESSIVE;
				CLANG_WARN_UNREACHABLE_CODE = YES;
				CLANG_WARN__DUPLICATE_METHOD_MATCH = YES;
				COPY_PHASE_STRIP = NO;
				DEBUG_INFORMATION_FORMAT = "dwarf-with-dsym";
				ENABLE_NS_ASSERTIONS = NO;
				ENABLE_STRICT_OBJC_MSGSEND = YES;
				GCC_C_LANGUAGE_STANDARD = gnu11;
				GCC_NO_COMMON_BLOCKS = YES;
				GCC_WARN_64_TO_32_BIT_CONVERSION = YES;
				GCC_WARN_ABOUT_RETURN_TYPE = YES_ERROR;
				GCC_WARN_UNDECLARED_SELECTOR = YES;
				GCC_WARN_UNINITIALIZED_AUTOS = YES_AGGRESSIVE;
				GCC_WARN_UNUSED_FUNCTION = YES;
				GCC_WARN_UNUSED_VARIABLE = YES;
				IPHONEOS_DEPLOYMENT_TARGET = 16.0;
				MTL_ENABLE_DEBUG_INFO = NO;
				MTL_FAST_MATH = YES;
				SDKROOT = iphoneos;
				SWIFT_COMPILATION_MODE = wholemodule;
				SWIFT_OPTIMIZATION_LEVEL = "-O";
				VALIDATE_PRODUCT = YES;
			};
			name = Release;
		};
		3746148729391A1600CD4BF3 /* Debug */ = {
			isa = XCBuildConfiguration;
			buildSettings = {
				ASSETCATALOG_COMPILER_APPICON_NAME = AppIcon;
				ASSETCATALOG_COMPILER_GLOBAL_ACCENT_COLOR_NAME = AccentColor;
				CODE_SIGN_STYLE = Automatic;
				CURRENT_PROJECT_VERSION = 1;
				GENERATE_INFOPLIST_FILE = YES;
				INFOPLIST_FILE = ForeCast/Info.plist;
				INFOPLIST_KEY_UIApplicationSupportsIndirectInputEvents = YES;
				INFOPLIST_KEY_UILaunchStoryboardName = LaunchScreen;
				INFOPLIST_KEY_UISupportedInterfaceOrientations_iPad = "UIInterfaceOrientationPortrait UIInterfaceOrientationPortraitUpsideDown UIInterfaceOrientationLandscapeLeft UIInterfaceOrientationLandscapeRight";
				INFOPLIST_KEY_UISupportedInterfaceOrientations_iPhone = "UIInterfaceOrientationPortrait UIInterfaceOrientationLandscapeLeft UIInterfaceOrientationLandscapeRight";
				LD_RUNPATH_SEARCH_PATHS = (
					"$(inherited)",
					"@executable_path/Frameworks",
				);
				MARKETING_VERSION = 1.0;
				PRODUCT_BUNDLE_IDENTIFIER = "Shikhalev-Dmitry.ForeCast";
				PRODUCT_NAME = "$(TARGET_NAME)";
				SWIFT_EMIT_LOC_STRINGS = YES;
				SWIFT_VERSION = 5.0;
				TARGETED_DEVICE_FAMILY = "1,2";
			};
			name = Debug;
		};
		3746148829391A1600CD4BF3 /* Release */ = {
			isa = XCBuildConfiguration;
			buildSettings = {
				ASSETCATALOG_COMPILER_APPICON_NAME = AppIcon;
				ASSETCATALOG_COMPILER_GLOBAL_ACCENT_COLOR_NAME = AccentColor;
				CODE_SIGN_STYLE = Automatic;
				CURRENT_PROJECT_VERSION = 1;
				GENERATE_INFOPLIST_FILE = YES;
				INFOPLIST_FILE = ForeCast/Info.plist;
				INFOPLIST_KEY_UIApplicationSupportsIndirectInputEvents = YES;
				INFOPLIST_KEY_UILaunchStoryboardName = LaunchScreen;
				INFOPLIST_KEY_UISupportedInterfaceOrientations_iPad = "UIInterfaceOrientationPortrait UIInterfaceOrientationPortraitUpsideDown UIInterfaceOrientationLandscapeLeft UIInterfaceOrientationLandscapeRight";
				INFOPLIST_KEY_UISupportedInterfaceOrientations_iPhone = "UIInterfaceOrientationPortrait UIInterfaceOrientationLandscapeLeft UIInterfaceOrientationLandscapeRight";
				LD_RUNPATH_SEARCH_PATHS = (
					"$(inherited)",
					"@executable_path/Frameworks",
				);
				MARKETING_VERSION = 1.0;
				PRODUCT_BUNDLE_IDENTIFIER = "Shikhalev-Dmitry.ForeCast";
				PRODUCT_NAME = "$(TARGET_NAME)";
				SWIFT_EMIT_LOC_STRINGS = YES;
				SWIFT_VERSION = 5.0;
				TARGETED_DEVICE_FAMILY = "1,2";
			};
			name = Release;
		};
/* End XCBuildConfiguration section */

/* Begin XCConfigurationList section */
		3746146A29391A1500CD4BF3 /* Build configuration list for PBXProject "ForeCast" */ = {
			isa = XCConfigurationList;
			buildConfigurations = (
				3746148429391A1600CD4BF3 /* Debug */,
				3746148529391A1600CD4BF3 /* Release */,
			);
			defaultConfigurationIsVisible = 0;
			defaultConfigurationName = Release;
		};
		3746148629391A1600CD4BF3 /* Build configuration list for PBXNativeTarget "ForeCast" */ = {
			isa = XCConfigurationList;
			buildConfigurations = (
				3746148729391A1600CD4BF3 /* Debug */,
				3746148829391A1600CD4BF3 /* Release */,
			);
			defaultConfigurationIsVisible = 0;
			defaultConfigurationName = Release;
		};
/* End XCConfigurationList section */

/* Begin XCVersionGroup section */
		3746147B29391A1500CD4BF3 /* ForeCast.xcdatamodeld */ = {
			isa = XCVersionGroup;
			children = (
				3746147C29391A1500CD4BF3 /* ForeCast.xcdatamodel */,
			);
			currentVersion = 3746147C29391A1500CD4BF3 /* ForeCast.xcdatamodel */;
			path = ForeCast.xcdatamodeld;
			sourceTree = "<group>";
			versionGroupType = wrapper.xcdatamodel;
		};
/* End XCVersionGroup section */
	};
	rootObject = 3746146729391A1500CD4BF3 /* Project object */;
}
